
Microsoft Visual Studio Solution File, Format Version 12.00
Project("{FAE04EC0-301F-11D3-BF4B-00C04F79EFBC}") = "BlazorApp", "BlazorApp\BlazorApp.csproj", "{7512B669-F146-4F59-A4C3-62657BBCBF63}"
EndProject
Project("{2150E333-8FDC-42A3-9474-1A3956D46DE8}") = "Solution Items", "Solution Items", "{F7E76F93-19E2-48E7-987B-C5D2BE06BDC9}"
	ProjectSection(SolutionItems) = preProject
		docker-compose.yml = docker-compose.yml
	EndProjectSection
EndProject
Global
	GlobalSection(SolutionConfigurationPlatforms) = preSolution
		Debug|Any CPU = Debug|Any CPU
		Release|Any CPU = Release|Any CPU
	EndGlobalSection
	GlobalSection(ProjectConfigurationPlatforms) = postSolution
		{7512B669-F146-4F59-A4C3-62657BBCBF63}.Debug|Any CPU.ActiveCfg = Debug|Any CPU
		{7512B669-F146-4F59-A4C3-62657BBCBF63}.Debug|Any CPU.Build.0 = Debug|Any CPU
		{7512B669-F146-4F59-A4C3-62657BBCBF63}.Release|Any CPU.ActiveCfg = Release|Any CPU
		{7512B669-F146-4F59-A4C3-62657BBCBF63}.Release|Any CPU.Build.0 = Release|Any CPU
	EndGlobalSection
EndGlobal
